hash: 7910c2dd1621da530f7089cbfa62dec829a70069a42eadea5b91871f687c36ad
updated: 2016-05-18T00:13:49.105825049-04:00
imports:
- name: github.com/Masterminds/semver
  version: 0a2c9fc0eee2c4cbb9526877c4a54da047fdcadd
- name: github.com/Masterminds/vcs
  version: 591ce246073ea90ca042fc8837a9729680613844
- name: github.com/codegangsta/cli
  version: 71f57d300dd6a780ac1856c005c4b518cfd498ec
- name: gopkg.in/yaml.v2
  version: a83829b6f1293c91addabc89d0571c246397bbf4
- name: github.com/sdboyer/vsolver
  version: 9bc87644dc7f495e7eeab473ae74d38d0dab1b86
- name: github.com/termie/go-shutil
  version: bcacb06fecaeec8dc42af03c87c6949f4a05c74c
devImports: []
