hash: b9e4643253d2170374b095ae0f19f71c3ef5c0549ba32a7148a6797e99a95144
updated: 2019-07-09T18:35:06.713855-04:00
imports:
- name: github.com/codegangsta/cli
  version: cfb38830724cc34fedffe9a2a29fb54fa9169cd1
- name: github.com/Masterminds/semver
  version: c7af12943936e8c39859482e61f0574c2fd7fc75
- name: github.com/Masterminds/vcs
  version: f94282d8632a0620f79f0c6ff0e82604e8c5c85b
- name: github.com/mitchellh/go-homedir
  version: b8bc1bf767474819792c23f32d8286a45736f1c6
- name: gopkg.in/yaml.v2
  version: 670d4cfef0544295bc27a114dbac37980d83185a
testImports: []
